
Microsoft Visual Studio Solution File, Format Version 12.00
# Visual Studio Version 16
VisualStudioVersion = 16.0.30011.22
MinimumVisualStudioVersion = 10.0.40219.1
Project("{FAE04EC0-301F-11D3-BF4B-00C04F79EFBC}") = "Core", "Core\Core.csproj", "{5FE47DA1-E963-4DB1-91B0-D21EF75A212B}"
EndProject
Project("{FAE04EC0-301F-11D3-BF4B-00C04F79EFBC}") = "ConsoleTest", "ConsoleTest\ConsoleTest.csproj", "{B4F27A2D-8713-4849-8148-971193AEDE42}"
EndProject
Global
	GlobalSection(SolutionConfigurationPlatforms) = preSolution
		Debug|Any CPU = Debug|Any CPU
		Release|Any CPU = Release|Any CPU
	EndGlobalSection
	GlobalSection(ProjectConfigurationPlatforms) = postSolution
		{5FE47DA1-E963-4DB1-91B0-D21EF75A212B}.Debug|Any CPU.ActiveCfg = Debug|Any CPU
		{5FE47DA1-E963-4DB1-91B0-D21EF75A212B}.Debug|Any CPU.Build.0 = Debug|Any CPU
		{5FE47DA1-E963-4DB1-91B0-D21EF75A212B}.Release|Any CPU.ActiveCfg = Release|Any CPU
		{5FE47DA1-E963-4DB1-91B0-D21EF75A212B}.Release|Any CPU.Build.0 = Release|Any CPU
		{B4F27A2D-8713-4849-8148-971193AEDE42}.Debug|Any CPU.ActiveCfg = Debug|Any CPU
		{B4F27A2D-8713-4849-8148-971193AEDE42}.Debug|Any CPU.Build.0 = Debug|Any CPU
		{B4F27A2D-8713-4849-8148-971193AEDE42}.Release|Any CPU.ActiveCfg = Release|Any CPU
		{B4F27A2D-8713-4849-8148-971193AEDE42}.Release|Any CPU.Build.0 = Release|Any CPU
	EndGlobalSection
	GlobalSection(SolutionProperties) = preSolution
		HideSolutionNode = FALSE
	EndGlobalSection
	GlobalSection(ExtensibilityGlobals) = postSolution
		SolutionGuid = {BAA0F3D7-7F65-4C59-B549-88765170BA85}
	EndGlobalSection
EndGlobal
